
Microsoft Visual Studio Solution File, Format Version 12.00
# Visual Studio Version 16
VisualStudioVersion = 16.0.32413.119
MinimumVisualStudioVersion = 10.0.40219.1
Project("{FAE04EC0-301F-11D3-BF4B-00C04F79EFBC}") = "Evry.Evaluation", "Evry.Evaluation\Evry.Evaluation.csproj", "{1080E004-CFF1-4464-8BE5-DC976131C21F}"
EndProject
Project("{FAE04EC0-301F-11D3-BF4B-00C04F79EFBC}") = "Evry.Evaluation.Interfaces", "Evry.Evaluation.Interfaces\Evry.Evaluation.Interfaces.csproj", "{69928A76-DDBD-4A61-994A-6844D73832CE}"
EndProject
Project("{FAE04EC0-301F-11D3-BF4B-00C04F79EFBC}") = "Evry.Evaluation.Models", "Evry.Evaluation.Models\Evry.Evaluation.Models.csproj", "{5676115D-84E9-457B-B002-BE2BE76A1FE5}"
EndProject
Project("{FAE04EC0-301F-11D3-BF4B-00C04F79EFBC}") = "Evry.Evaluation.BusinessLogic", "Evry.Evaluation.BusinessLogic\Evry.Evaluation.BusinessLogic.csproj", "{0B44B8B7-7A9F-4072-9880-AF7640E133FF}"
EndProject
Project("{FAE04EC0-301F-11D3-BF4B-00C04F79EFBC}") = "Evry.Evaluation.Repositories", "Evry.Evaluation.Repositories\Evry.Evaluation.Repositories.csproj", "{45494C84-C9F5-4544-8B03-3F9F8A49828B}"
EndProject
Project("{FAE04EC0-301F-11D3-BF4B-00C04F79EFBC}") = "Evry.Evaluation.Data", "Evry.Evaluation.Data\Evry.Evaluation.Data.csproj", "{67C41C6F-FF72-4B4F-811B-276E33271995}"
EndProject
Project("{FAE04EC0-301F-11D3-BF4B-00C04F79EFBC}") = "Evry.Evaluation.Tests", "Evry.Evaluation.Tests\Evry.Evaluation.Tests.csproj", "{E1B7C6C4-BC67-491C-A848-C96594B4A8FA}"
EndProject
Global
	GlobalSection(SolutionConfigurationPlatforms) = preSolution
		Debug|Any CPU = Debug|Any CPU
		Release|Any CPU = Release|Any CPU
	EndGlobalSection
	GlobalSection(ProjectConfigurationPlatforms) = postSolution
		{1080E004-CFF1-4464-8BE5-DC976131C21F}.Debug|Any CPU.ActiveCfg = Debug|Any CPU
		{1080E004-CFF1-4464-8BE5-DC976131C21F}.Debug|Any CPU.Build.0 = Debug|Any CPU
		{1080E004-CFF1-4464-8BE5-DC976131C21F}.Release|Any CPU.ActiveCfg = Release|Any CPU
		{1080E004-CFF1-4464-8BE5-DC976131C21F}.Release|Any CPU.Build.0 = Release|Any CPU
		{69928A76-DDBD-4A61-994A-6844D73832CE}.Debug|Any CPU.ActiveCfg = Debug|Any CPU
		{69928A76-DDBD-4A61-994A-6844D73832CE}.Debug|Any CPU.Build.0 = Debug|Any CPU
		{69928A76-DDBD-4A61-994A-6844D73832CE}.Release|Any CPU.ActiveCfg = Release|Any CPU
		{69928A76-DDBD-4A61-994A-6844D73832CE}.Release|Any CPU.Build.0 = Release|Any CPU
		{5676115D-84E9-457B-B002-BE2BE76A1FE5}.Debug|Any CPU.ActiveCfg = Debug|Any CPU
		{5676115D-84E9-457B-B002-BE2BE76A1FE5}.Debug|Any CPU.Build.0 = Debug|Any CPU
		{5676115D-84E9-457B-B002-BE2BE76A1FE5}.Release|Any CPU.ActiveCfg = Release|Any CPU
		{5676115D-84E9-457B-B002-BE2BE76A1FE5}.Release|Any CPU.Build.0 = Release|Any CPU
		{0B44B8B7-7A9F-4072-9880-AF7640E133FF}.Debug|Any CPU.ActiveCfg = Debug|Any CPU
		{0B44B8B7-7A9F-4072-9880-AF7640E133FF}.Debug|Any CPU.Build.0 = Debug|Any CPU
		{0B44B8B7-7A9F-4072-9880-AF7640E133FF}.Release|Any CPU.ActiveCfg = Release|Any CPU
		{0B44B8B7-7A9F-4072-9880-AF7640E133FF}.Release|Any CPU.Build.0 = Release|Any CPU
		{45494C84-C9F5-4544-8B03-3F9F8A49828B}.Debug|Any CPU.ActiveCfg = Debug|Any CPU
		{45494C84-C9F5-4544-8B03-3F9F8A49828B}.Debug|Any CPU.Build.0 = Debug|Any CPU
		{45494C84-C9F5-4544-8B03-3F9F8A49828B}.Release|Any CPU.ActiveCfg = Release|Any CPU
		{45494C84-C9F5-4544-8B03-3F9F8A49828B}.Release|Any CPU.Build.0 = Release|Any CPU
		{67C41C6F-FF72-4B4F-811B-276E33271995}.Debug|Any CPU.ActiveCfg = Debug|Any CPU
		{67C41C6F-FF72-4B4F-811B-276E33271995}.Debug|Any CPU.Build.0 = Debug|Any CPU
		{67C41C6F-FF72-4B4F-811B-276E33271995}.Release|Any CPU.ActiveCfg = Release|Any CPU
		{67C41C6F-FF72-4B4F-811B-276E33271995}.Release|Any CPU.Build.0 = Release|Any CPU
		{E1B7C6C4-BC67-491C-A848-C96594B4A8FA}.Debug|Any CPU.ActiveCfg = Debug|Any CPU
		{E1B7C6C4-BC67-491C-A848-C96594B4A8FA}.Debug|Any CPU.Build.0 = Debug|Any CPU
		{E1B7C6C4-BC67-491C-A848-C96594B4A8FA}.Release|Any CPU.ActiveCfg = Release|Any CPU
		{E1B7C6C4-BC67-491C-A848-C96594B4A8FA}.Release|Any CPU.Build.0 = Release|Any CPU
	EndGlobalSection
	GlobalSection(SolutionProperties) = preSolution
		HideSolutionNode = FALSE
	EndGlobalSection
	GlobalSection(ExtensibilityGlobals) = postSolution
		SolutionGuid = {015CD7A5-5062-4646-819F-EA8FCBECE26A}
	EndGlobalSection
EndGlobal
